Microsoft Visual Studio Solution File, Format Version 12.00
# Visual Studio Version 17
VisualStudioVersion = 17.5.2.0
MinimumVisualStudioVersion = 10.0.40219.1
Project("{FAE04EC0-301F-11D3-BF4B-00C04F79EFBC}") = "Simulation-Data-Manager", "Simulation-Data-Manager.csproj", "{01C98D0D-6796-97D0-23A7-BAE5500A57F8}"
EndProject
Global
	GlobalSection(SolutionConfigurationPlatforms) = preSolution
		Debug|Any CPU = Debug|Any CPU
		Release|Any CPU = Release|Any CPU
	EndGlobalSection
	GlobalSection(ProjectConfigurationPlatforms) = postSolution
		{01C98D0D-6796-97D0-23A7-BAE5500A57F8}.Debug|Any CPU.ActiveCfg = Debug|Any CPU
		{01C98D0D-6796-97D0-23A7-BAE5500A57F8}.Debug|Any CPU.Build.0 = Debug|Any CPU
		{01C98D0D-6796-97D0-23A7-BAE5500A57F8}.Release|Any CPU.ActiveCfg = Release|Any CPU
		{01C98D0D-6796-97D0-23A7-BAE5500A57F8}.Release|Any CPU.Build.0 = Release|Any CPU
	EndGlobalSection
	GlobalSection(SolutionProperties) = preSolution
		HideSolutionNode = FALSE
	EndGlobalSection
	GlobalSection(ExtensibilityGlobals) = postSolution
		SolutionGuid = {3EDDEA72-AB78-4D1A-8937-E8669C493758}
	EndGlobalSection
EndGlobal
